
Microsoft Visual Studio Solution File, Format Version 12.00
# Visual Studio Version 17
VisualStudioVersion = 17.9.34728.123
MinimumVisualStudioVersion = 10.0.40219.1
Project("{FAE04EC0-301F-11D3-BF4B-00C04F79EFBC}") = "Contratos_RK", "Contratos_RK\Contratos_RK.csproj", "{DAA6DDA0-75B3-4133-A1CC-5949A8600B95}"
EndProject
Project("{FAE04EC0-301F-11D3-BF4B-00C04F79EFBC}") = "ConnectorLibrary", "ConnectorLibrary\ConnectorLibrary.csproj", "{FBAC0FED-3206-41DB-B097-750A5D97A4DB}"
EndProject
Project("{FAE04EC0-301F-11D3-BF4B-00C04F79EFBC}") = "RK_Negocio", "RK_Negocio\RK_Negocio.csproj", "{6A2055FE-F11F-4955-934E-282AA88710AE}"
EndProject
Project("{FAE04EC0-301F-11D3-BF4B-00C04F79EFBC}") = "RK_Datos", "RK_Datos\RK_Datos.csproj", "{5E0FD0DB-261F-4DD6-834C-1088B7D6E674}"
EndProject
Global
	GlobalSection(SolutionConfigurationPlatforms) = preSolution
		Debug|Any CPU = Debug|Any CPU
		Release|Any CPU = Release|Any CPU
	EndGlobalSection
	GlobalSection(ProjectConfigurationPlatforms) = postSolution
		{DAA6DDA0-75B3-4133-A1CC-5949A8600B95}.Debug|Any CPU.ActiveCfg = Debug|Any CPU
		{DAA6DDA0-75B3-4133-A1CC-5949A8600B95}.Debug|Any CPU.Build.0 = Debug|Any CPU
		{DAA6DDA0-75B3-4133-A1CC-5949A8600B95}.Release|Any CPU.ActiveCfg = Release|Any CPU
		{DAA6DDA0-75B3-4133-A1CC-5949A8600B95}.Release|Any CPU.Build.0 = Release|Any CPU
		{FBAC0FED-3206-41DB-B097-750A5D97A4DB}.Debug|Any CPU.ActiveCfg = Debug|Any CPU
		{FBAC0FED-3206-41DB-B097-750A5D97A4DB}.Debug|Any CPU.Build.0 = Debug|Any CPU
		{FBAC0FED-3206-41DB-B097-750A5D97A4DB}.Release|Any CPU.ActiveCfg = Release|Any CPU
		{FBAC0FED-3206-41DB-B097-750A5D97A4DB}.Release|Any CPU.Build.0 = Release|Any CPU
		{6A2055FE-F11F-4955-934E-282AA88710AE}.Debug|Any CPU.ActiveCfg = Debug|Any CPU
		{6A2055FE-F11F-4955-934E-282AA88710AE}.Debug|Any CPU.Build.0 = Debug|Any CPU
		{6A2055FE-F11F-4955-934E-282AA88710AE}.Release|Any CPU.ActiveCfg = Release|Any CPU
		{6A2055FE-F11F-4955-934E-282AA88710AE}.Release|Any CPU.Build.0 = Release|Any CPU
		{5E0FD0DB-261F-4DD6-834C-1088B7D6E674}.Debug|Any CPU.ActiveCfg = Debug|Any CPU
		{5E0FD0DB-261F-4DD6-834C-1088B7D6E674}.Debug|Any CPU.Build.0 = Debug|Any CPU
		{5E0FD0DB-261F-4DD6-834C-1088B7D6E674}.Release|Any CPU.ActiveCfg = Release|Any CPU
		{5E0FD0DB-261F-4DD6-834C-1088B7D6E674}.Release|Any CPU.Build.0 = Release|Any CPU
	EndGlobalSection
	GlobalSection(SolutionProperties) = preSolution
		HideSolutionNode = FALSE
	EndGlobalSection
	GlobalSection(ExtensibilityGlobals) = postSolution
		SolutionGuid = {7480C35A-814A-4A03-AABE-86B1D647551B}
	EndGlobalSection
EndGlobal
